// !$*UTF8*$!
{
	archiveVersion = 1;
	classes = {
	};
	objectVersion = 56;
	objects = {

/* Begin PBXBuildFile section */
		58BB719F2A7949B800DA6B0E /* NetworkManager.swift in Sources */ = {isa = PBXBuildFile; fileRef = 58BB719E2A7949B800DA6B0E /* NetworkManager.swift */; };
		58BB71A12A79570E00DA6B0E /* LeeoView.swift in Sources */ = {isa = PBXBuildFile; fileRef = 58BB71A02A79570E00DA6B0E /* LeeoView.swift */; };
		B8309AFC2ACA895C00EEADFB /* 11_안내종료.mp3 in Resources */ = {isa = PBXBuildFile; fileRef = B8309AF12ACA895C00EEADFB /* 11_안내종료.mp3 */; };
		B8309AFD2ACA895C00EEADFB /* 01_안내시작.mp3 in Resources */ = {isa = PBXBuildFile; fileRef = B8309AF22ACA895C00EEADFB /* 01_안내시작.mp3 */; };
		B8309AFE2ACA895C00EEADFB /* 08_초록불건너자.mp3 in Resources */ = {isa = PBXBuildFile; fileRef = B8309AF32ACA895C00EEADFB /* 08_초록불건너자.mp3 */; };
		B8309AFF2ACA895C00EEADFB /* 05_횡단보도도착.mp3 in Resources */ = {isa = PBXBuildFile; fileRef = B8309AF42ACA895C00EEADFB /* 05_횡단보도도착.mp3 */; };
		B8309B002ACA895C00EEADFB /* 02_횡단보도찾기.mp3 in Resources */ = {isa = PBXBuildFile; fileRef = B8309AF52ACA895C00EEADFB /* 02_횡단보도찾기.mp3 */; };
		B8309B012ACA895C00EEADFB /* 09_빨간불.mp3 in Resources */ = {isa = PBXBuildFile; fileRef = B8309AF62ACA895C00EEADFB /* 09_빨간불.mp3 */; };
		B8309B022ACA895C00EEADFB /* 06_신호등찾기.mp3 in Resources */ = {isa = PBXBuildFile; fileRef = B8309AF72ACA895C00EEADFB /* 06_신호등찾기.mp3 */; };
		B8309B032ACA895C00EEADFB /* 03_횡단보도멀리.mp3 in Resources */ = {isa = PBXBuildFile; fileRef = B8309AF82ACA895C00EEADFB /* 03_횡단보도멀리.mp3 */; };
		B8309B042ACA895C00EEADFB /* 04_횡단보도가까이.mp3 in Resources */ = {isa = PBXBuildFile; fileRef = B8309AF92ACA895C00EEADFB /* 04_횡단보도가까이.mp3 */; };
		B8309B052ACA895C00EEADFB /* 10_횡단보도이탈.mp3 in Resources */ = {isa = PBXBuildFile; fileRef = B8309AFA2ACA895C00EEADFB /* 10_횡단보도이탈.mp3 */; };
		B8309B062ACA895C00EEADFB /* 07_초록불다음신호.mp3 in Resources */ = {isa = PBXBuildFile; fileRef = B8309AFB2ACA895C00EEADFB /* 07_초록불다음신호.mp3 */; };
		B859EC2F2A728837001E68B9 /* GreenSoundApp.swift in Sources */ = {isa = PBXBuildFile; fileRef = B859EC2E2A728837001E68B9 /* GreenSoundApp.swift */; };
		B859EC312A728837001E68B9 /* ContentView.swift in Sources */ = {isa = PBXBuildFile; fileRef = B859EC302A728837001E68B9 /* ContentView.swift */; };
		B859EC332A728839001E68B9 /* Assets.xcassets in Resources */ = {isa = PBXBuildFile; fileRef = B859EC322A728839001E68B9 /* Assets.xcassets */; };
		B859EC362A728839001E68B9 /* Preview Assets.xcassets in Resources */ = {isa = PBXBuildFile; fileRef = B859EC352A728839001E68B9 /* Preview Assets.xcassets */; };
		B8841B102ABDF40600C65EA3 /* ViewController.swift in Sources */ = {isa = PBXBuildFile; fileRef = B8841B0F2ABDF40600C65EA3 /* ViewController.swift */; };
		B8841B122ABDF41A00C65EA3 /* Detector.swift in Sources */ = {isa = PBXBuildFile; fileRef = B8841B112ABDF41A00C65EA3 /* Detector.swift */; };
		B8841B192AC19F6800C65EA3 /* CrosswalkAndTrafficlight.mlmodel in Sources */ = {isa = PBXBuildFile; fileRef = B8841B182AC19F6800C65EA3 /* CrosswalkAndTrafficlight.mlmodel */; };
		B8DA6AAA2A795D110015B0E3 /* Launch Screen.storyboard in Resources */ = {isa = PBXBuildFile; fileRef = B8DA6AA92A795D110015B0E3 /* Launch Screen.storyboard */; };
		B8DA6AAD2A79642A0015B0E3 /* HomeView.swift in Sources */ = {isa = PBXBuildFile; fileRef = B8DA6AAC2A79642A0015B0E3 /* HomeView.swift */; };
		B8DA6AB02A796A450015B0E3 /* Lottie in Frameworks */ = {isa = PBXBuildFile; productRef = B8DA6AAF2A796A450015B0E3 /* Lottie */; };
		B8DA6AB22A796A5C0015B0E3 /* LottieView.swift in Sources */ = {isa = PBXBuildFile; fileRef = B8DA6AB12A796A5C0015B0E3 /* LottieView.swift */; };
		B8DA6AB42A796AB10015B0E3 /* loading.json in Resources */ = {isa = PBXBuildFile; fileRef = B8DA6AB32A796AB10015B0E3 /* loading.json */; };
		B8DA6AB62A796E940015B0E3 /* CrosswalkView.swift in Sources */ = {isa = PBXBuildFile; fileRef = B8DA6AB52A796E940015B0E3 /* CrosswalkView.swift */; };
/* End PBXBuildFile section */

/* Begin PBXFileReference section */
		58BB719E2A7949B800DA6B0E /* NetworkManager.swift */ = {isa = PBXFileReference; lastKnownFileType = sourcecode.swift; path = NetworkManager.swift; sourceTree = "<group>"; };
		58BB71A02A79570E00DA6B0E /* LeeoView.swift */ = {isa = PBXFileReference; lastKnownFileType = sourcecode.swift; path = LeeoView.swift; sourceTree = "<group>"; };
		B8309AF12ACA895C00EEADFB /* 11_안내종료.mp3 */ = {isa = PBXFileReference; lastKnownFileType = audio.mp3; path = "11_안내종료.mp3"; sourceTree = "<group>"; };
		B8309AF22ACA895C00EEADFB /* 01_안내시작.mp3 */ = {isa = PBXFileReference; lastKnownFileType = audio.mp3; path = "01_안내시작.mp3"; sourceTree = "<group>"; };
		B8309AF32ACA895C00EEADFB /* 08_초록불건너자.mp3 */ = {isa = PBXFileReference; lastKnownFileType = audio.mp3; path = "08_초록불건너자.mp3"; sourceTree = "<group>"; };
		B8309AF42ACA895C00EEADFB /* 05_횡단보도도착.mp3 */ = {isa = PBXFileReference; lastKnownFileType = audio.mp3; path = "05_횡단보도도착.mp3"; sourceTree = "<group>"; };
		B8309AF52ACA895C00EEADFB /* 02_횡단보도찾기.mp3 */ = {isa = PBXFileReference; lastKnownFileType = audio.mp3; path = "02_횡단보도찾기.mp3"; sourceTree = "<group>"; };
		B8309AF62ACA895C00EEADFB /* 09_빨간불.mp3 */ = {isa = PBXFileReference; lastKnownFileType = audio.mp3; path = "09_빨간불.mp3"; sourceTree = "<group>"; };
		B8309AF72ACA895C00EEADFB /* 06_신호등찾기.mp3 */ = {isa = PBXFileReference; lastKnownFileType = audio.mp3; path = "06_신호등찾기.mp3"; sourceTree = "<group>"; };
		B8309AF82ACA895C00EEADFB /* 03_횡단보도멀리.mp3 */ = {isa = PBXFileReference; lastKnownFileType = audio.mp3; path = "03_횡단보도멀리.mp3"; sourceTree = "<group>"; };
		B8309AF92ACA895C00EEADFB /* 04_횡단보도가까이.mp3 */ = {isa = PBXFileReference; lastKnownFileType = audio.mp3; path = "04_횡단보도가까이.mp3"; sourceTree = "<group>"; };
		B8309AFA2ACA895C00EEADFB /* 10_횡단보도이탈.mp3 */ = {isa = PBXFileReference; lastKnownFileType = audio.mp3; path = "10_횡단보도이탈.mp3"; sourceTree = "<group>"; };
		B8309AFB2ACA895C00EEADFB /* 07_초록불다음신호.mp3 */ = {isa = PBXFileReference; lastKnownFileType = audio.mp3; path = "07_초록불다음신호.mp3"; sourceTree = "<group>"; };
		B859EC2B2A728837001E68B9 /* GreenSound.app */ = {isa = PBXFileReference; explicitFileType = wrapper.application; includeInIndex = 0; path = GreenSound.app; sourceTree = BUILT_PRODUCTS_DIR; };
		B859EC2E2A728837001E68B9 /* GreenSoundApp.swift */ = {isa = PBXFileReference; lastKnownFileType = sourcecode.swift; path = GreenSoundApp.swift; sourceTree = "<group>"; };
		B859EC302A728837001E68B9 /* ContentView.swift */ = {isa = PBXFileReference; lastKnownFileType = sourcecode.swift; path = ContentView.swift; sourceTree = "<group>"; };
		B859EC322A728839001E68B9 /* Assets.xcassets */ = {isa = PBXFileReference; lastKnownFileType = folder.assetcatalog; path = Assets.xcassets; sourceTree = "<group>"; };
		B859EC352A728839001E68B9 /* Preview Assets.xcassets */ = {isa = PBXFileReference; lastKnownFileType = folder.assetcatalog; path = "Preview Assets.xcassets"; sourceTree = "<group>"; };
		B8841B0F2ABDF40600C65EA3 /* ViewController.swift */ = {isa = PBXFileReference; lastKnownFileType = sourcecode.swift; path = ViewController.swift; sourceTree = "<group>"; };
		B8841B112ABDF41A00C65EA3 /* Detector.swift */ = {isa = PBXFileReference; lastKnownFileType = sourcecode.swift; path = Detector.swift; sourceTree = "<group>"; };
		B8841B182AC19F6800C65EA3 /* CrosswalkAndTrafficlight.mlmodel */ = {isa = PBXFileReference; lastKnownFileType = file.mlmodel; path = CrosswalkAndTrafficlight.mlmodel; sourceTree = "<group>"; };
		B8DA6AA92A795D110015B0E3 /* Launch Screen.storyboard */ = {isa = PBXFileReference; lastKnownFileType = file.storyboard; path = "Launch Screen.storyboard"; sourceTree = "<group>"; };
		B8DA6AAB2A795EFD0015B0E3 /* Info.plist */ = {isa = PBXFileReference; lastKnownFileType = text.plist; path = Info.plist; sourceTree = "<group>"; };
		B8DA6AAC2A79642A0015B0E3 /* HomeView.swift */ = {isa = PBXFileReference; lastKnownFileType = sourcecode.swift; path = HomeView.swift; sourceTree = "<group>"; };
		B8DA6AB12A796A5C0015B0E3 /* LottieView.swift */ = {isa = PBXFileReference; lastKnownFileType = sourcecode.swift; path = LottieView.swift; sourceTree = "<group>"; };
		B8DA6AB32A796AB10015B0E3 /* loading.json */ = {isa = PBXFileReference; fileEncoding = 4; lastKnownFileType = text.json; path = loading.json; sourceTree = "<group>"; };
		B8DA6AB52A796E940015B0E3 /* CrosswalkView.swift */ = {isa = PBXFileReference; lastKnownFileType = sourcecode.swift; path = CrosswalkView.swift; sourceTree = "<group>"; };
/* End PBXFileReference section */

/* Begin PBXFrameworksBuildPhase section */
		B859EC282A728837001E68B9 /* Frameworks */ = {
			isa = PBXFrameworksBuildPhase;
			buildActionMask = 2147483647;
			files = (
				B8DA6AB02A796A450015B0E3 /* Lottie in Frameworks */,
			);
			runOnlyForDeploymentPostprocessing = 0;
		};
/* End PBXFrameworksBuildPhase section */

/* Begin PBXGroup section */
		B8309AF02ACA894300EEADFB /* Sounds */ = {
			isa = PBXGroup;
			children = (
				B8309AF22ACA895C00EEADFB /* 01_안내시작.mp3 */,
				B8309AF52ACA895C00EEADFB /* 02_횡단보도찾기.mp3 */,
				B8309AF82ACA895C00EEADFB /* 03_횡단보도멀리.mp3 */,
				B8309AF92ACA895C00EEADFB /* 04_횡단보도가까이.mp3 */,
				B8309AF42ACA895C00EEADFB /* 05_횡단보도도착.mp3 */,
				B8309AF72ACA895C00EEADFB /* 06_신호등찾기.mp3 */,
				B8309AFB2ACA895C00EEADFB /* 07_초록불다음신호.mp3 */,
				B8309AF32ACA895C00EEADFB /* 08_초록불건너자.mp3 */,
				B8309AF62ACA895C00EEADFB /* 09_빨간불.mp3 */,
				B8309AFA2ACA895C00EEADFB /* 10_횡단보도이탈.mp3 */,
				B8309AF12ACA895C00EEADFB /* 11_안내종료.mp3 */,
			);
			path = Sounds;
			sourceTree = "<group>";
		};
		B859EC222A728837001E68B9 = {
			isa = PBXGroup;
			children = (
				B8309AF02ACA894300EEADFB /* Sounds */,
				B859EC2D2A728837001E68B9 /* GreenSound */,
				B859EC2C2A728837001E68B9 /* Products */,
			);
			sourceTree = "<group>";
		};
		B859EC2C2A728837001E68B9 /* Products */ = {
			isa = PBXGroup;
			children = (
				B859EC2B2A728837001E68B9 /* GreenSound.app */,
			);
			name = Products;
			sourceTree = "<group>";
		};
		B859EC2D2A728837001E68B9 /* GreenSound */ = {
			isa = PBXGroup;
			children = (
				B8841B152ABDF4C400C65EA3 /* CrosswalkDetector */,
				B8DA6AB52A796E940015B0E3 /* CrosswalkView.swift */,
				B8DA6AB32A796AB10015B0E3 /* loading.json */,
				B8DA6AB12A796A5C0015B0E3 /* LottieView.swift */,
				B8DA6AAC2A79642A0015B0E3 /* HomeView.swift */,
				B8DA6AA92A795D110015B0E3 /* Launch Screen.storyboard */,
				B8DA6AAB2A795EFD0015B0E3 /* Info.plist */,
				B859EC2E2A728837001E68B9 /* GreenSoundApp.swift */,
				B859EC302A728837001E68B9 /* ContentView.swift */,
				B859EC322A728839001E68B9 /* Assets.xcassets */,
				B859EC342A728839001E68B9 /* Preview Content */,
				58BB719E2A7949B800DA6B0E /* NetworkManager.swift */,
				58BB71A02A79570E00DA6B0E /* LeeoView.swift */,
			);
			path = GreenSound;
			sourceTree = "<group>";
		};
		B859EC342A728839001E68B9 /* Preview Content */ = {
			isa = PBXGroup;
			children = (
				B859EC352A728839001E68B9 /* Preview Assets.xcassets */,
			);
			path = "Preview Content";
			sourceTree = "<group>";
		};
		B8841B152ABDF4C400C65EA3 /* CrosswalkDetector */ = {
			isa = PBXGroup;
			children = (
				B8841B182AC19F6800C65EA3 /* CrosswalkAndTrafficlight.mlmodel */,
				B8841B0F2ABDF40600C65EA3 /* ViewController.swift */,
				B8841B112ABDF41A00C65EA3 /* Detector.swift */,
			);
			path = CrosswalkDetector;
			sourceTree = "<group>";
		};
/* End PBXGroup section */

/* Begin PBXNativeTarget section */
		B859EC2A2A728837001E68B9 /* GreenSound */ = {
			isa = PBXNativeTarget;
			buildConfigurationList = B859EC392A728839001E68B9 /* Build configuration list for PBXNativeTarget "GreenSound" */;
			buildPhases = (
				B859EC272A728837001E68B9 /* Sources */,
				B859EC282A728837001E68B9 /* Frameworks */,
				B859EC292A728837001E68B9 /* Resources */,
			);
			buildRules = (
			);
			dependencies = (
			);
			name = GreenSound;
			packageProductDependencies = (
				B8DA6AAF2A796A450015B0E3 /* Lottie */,
			);
			productName = GreenSound;
			productReference = B859EC2B2A728837001E68B9 /* GreenSound.app */;
			productType = "com.apple.product-type.application";
		};
/* End PBXNativeTarget section */

/* Begin PBXProject section */
		B859EC232A728837001E68B9 /* Project object */ = {
			isa = PBXProject;
			attributes = {
				BuildIndependentTargetsInParallel = 1;
				LastSwiftUpdateCheck = 1430;
				LastUpgradeCheck = 1430;
				TargetAttributes = {
					B859EC2A2A728837001E68B9 = {
						CreatedOnToolsVersion = 14.3.1;
					};
				};
			};
			buildConfigurationList = B859EC262A728837001E68B9 /* Build configuration list for PBXProject "GreenSound" */;
			compatibilityVersion = "Xcode 14.0";
			developmentRegion = en;
			hasScannedForEncodings = 0;
			knownRegions = (
				en,
				Base,
			);
			mainGroup = B859EC222A728837001E68B9;
			packageReferences = (
				B8DA6AAE2A796A450015B0E3 /* XCRemoteSwiftPackageReference "lottie-ios" */,
			);
			productRefGroup = B859EC2C2A728837001E68B9 /* Products */;
			projectDirPath = "";
			projectRoot = "";
			targets = (
				B859EC2A2A728837001E68B9 /* GreenSound */,
			);
		};
/* End PBXProject section */

/* Begin PBXResourcesBuildPhase section */
		B859EC292A728837001E68B9 /* Resources */ = {
			isa = PBXResourcesBuildPhase;
			buildActionMask = 2147483647;
			files = (
				B8309AFF2ACA895C00EEADFB /* 05_횡단보도도착.mp3 in Resources */,
				B8309AFC2ACA895C00EEADFB /* 11_안내종료.mp3 in Resources */,
				B8DA6AB42A796AB10015B0E3 /* loading.json in Resources */,
				B8DA6AAA2A795D110015B0E3 /* Launch Screen.storyboard in Resources */,
				B8309B012ACA895C00EEADFB /* 09_빨간불.mp3 in Resources */,
				B8309B052ACA895C00EEADFB /* 10_횡단보도이탈.mp3 in Resources */,
				B8309AFE2ACA895C00EEADFB /* 08_초록불건너자.mp3 in Resources */,
				B8309B002ACA895C00EEADFB /* 02_횡단보도찾기.mp3 in Resources */,
				B859EC362A728839001E68B9 /* Preview Assets.xcassets in Resources */,
				B8309B042ACA895C00EEADFB /* 04_횡단보도가까이.mp3 in Resources */,
				B859EC332A728839001E68B9 /* Assets.xcassets in Resources */,
				B8309B022ACA895C00EEADFB /* 06_신호등찾기.mp3 in Resources */,
				B8309AFD2ACA895C00EEADFB /* 01_안내시작.mp3 in Resources */,
				B8309B032ACA895C00EEADFB /* 03_횡단보도멀리.mp3 in Resources */,
				B8309B062ACA895C00EEADFB /* 07_초록불다음신호.mp3 in Resources */,
			);
			runOnlyForDeploymentPostprocessing = 0;
		};
/* End PBXResourcesBuildPhase section */

/* Begin PBXSourcesBuildPhase section */
		B859EC272A728837001E68B9 /* Sources */ = {
			isa = PBXSourcesBuildPhase;
			buildActionMask = 2147483647;
			files = (
				58BB719F2A7949B800DA6B0E /* NetworkManager.swift in Sources */,
				58BB71A12A79570E00DA6B0E /* LeeoView.swift in Sources */,
				B8DA6AB22A796A5C0015B0E3 /* LottieView.swift in Sources */,
				B8DA6AAD2A79642A0015B0E3 /* HomeView.swift in Sources */,
				B8DA6AB62A796E940015B0E3 /* CrosswalkView.swift in Sources */,
				B859EC312A728837001E68B9 /* ContentView.swift in Sources */,
				B8841B102ABDF40600C65EA3 /* ViewController.swift in Sources */,
				B859EC2F2A728837001E68B9 /* GreenSoundApp.swift in Sources */,
				B8841B192AC19F6800C65EA3 /* CrosswalkAndTrafficlight.mlmodel in Sources */,
				B8841B122ABDF41A00C65EA3 /* Detector.swift in Sources */,
			);
			runOnlyForDeploymentPostprocessing = 0;
		};
/* End PBXSourcesBuildPhase section */

/* Begin XCBuildConfiguration section */
		B859EC372A728839001E68B9 /* Debug */ = {
			isa = XCBuildConfiguration;
			buildSettings = {
				ALWAYS_SEARCH_USER_PATHS = NO;
				CLANG_ANALYZER_NONNULL = YES;
				CLANG_ANALYZER_NUMBER_OBJECT_CONVERSION = YES_AGGRESSIVE;
				CLANG_CXX_LANGUAGE_STANDARD = "gnu++20";
				CLANG_ENABLE_MODULES = YES;
				CLANG_ENABLE_OBJC_ARC = YES;
				CLANG_ENABLE_OBJC_WEAK = YES;
				CLANG_WARN_BLOCK_CAPTURE_AUTORELEASING = YES;
				CLANG_WARN_BOOL_CONVERSION = YES;
				CLANG_WARN_COMMA = YES;
				CLANG_WARN_CONSTANT_CONVERSION = YES;
				CLANG_WARN_DEPRECATED_OBJC_IMPLEMENTATIONS = YES;
				CLANG_WARN_DIRECT_OBJC_ISA_USAGE = YES_ERROR;
				CLANG_WARN_DOCUMENTATION_COMMENTS = YES;
				CLANG_WARN_EMPTY_BODY = YES;
				CLANG_WARN_ENUM_CONVERSION = YES;
				CLANG_WARN_INFINITE_RECURSION = YES;
				CLANG_WARN_INT_CONVERSION = YES;
				CLANG_WARN_NON_LITERAL_NULL_CONVERSION = YES;
				CLANG_WARN_OBJC_IMPLICIT_RETAIN_SELF = YES;
				CLANG_WARN_OBJC_LITERAL_CONVERSION = YES;
				CLANG_WARN_OBJC_ROOT_CLASS = YES_ERROR;
				CLANG_WARN_QUOTED_INCLUDE_IN_FRAMEWORK_HEADER = YES;
				CLANG_WARN_RANGE_LOOP_ANALYSIS = YES;
				CLANG_WARN_STRICT_PROTOTYPES = YES;
				CLANG_WARN_SUSPICIOUS_MOVE = YES;
				CLANG_WARN_UNGUARDED_AVAILABILITY = YES_AGGRESSIVE;
				CLANG_WARN_UNREACHABLE_CODE = YES;
				CLANG_WARN__DUPLICATE_METHOD_MATCH = YES;
				COPY_PHASE_STRIP = NO;
				DEBUG_INFORMATION_FORMAT = dwarf;
				ENABLE_STRICT_OBJC_MSGSEND = YES;
				ENABLE_TESTABILITY = YES;
				GCC_C_LANGUAGE_STANDARD = gnu11;
				GCC_DYNAMIC_NO_PIC = NO;
				GCC_NO_COMMON_BLOCKS = YES;
				GCC_OPTIMIZATION_LEVEL = 0;
				GCC_PREPROCESSOR_DEFINITIONS = (
					"DEBUG=1",
					"$(inherited)",
				);
				GCC_WARN_64_TO_32_BIT_CONVERSION = YES;
				GCC_WARN_ABOUT_RETURN_TYPE = YES_ERROR;
				GCC_WARN_UNDECLARED_SELECTOR = YES;
				GCC_WARN_UNINITIALIZED_AUTOS = YES_AGGRESSIVE;
				GCC_WARN_UNUSED_FUNCTION = YES;
				GCC_WARN_UNUSED_VARIABLE = YES;
				IPHONEOS_DEPLOYMENT_TARGET = 16.0;
				MTL_ENABLE_DEBUG_INFO = INCLUDE_SOURCE;
				MTL_FAST_MATH = YES;
				ONLY_ACTIVE_ARCH = YES;
				SDKROOT = iphoneos;
				SWIFT_ACTIVE_COMPILATION_CONDITIONS = DEBUG;
				SWIFT_OPTIMIZATION_LEVEL = "-Onone";
			};
			name = Debug;
		};
		B859EC382A728839001E68B9 /* Release */ = {
			isa = XCBuildConfiguration;
			buildSettings = {
				ALWAYS_SEARCH_USER_PATHS = NO;
				CLANG_ANALYZER_NONNULL = YES;
				CLANG_ANALYZER_NUMBER_OBJECT_CONVERSION = YES_AGGRESSIVE;
				CLANG_CXX_LANGUAGE_STANDARD = "gnu++20";
				CLANG_ENABLE_MODULES = YES;
				CLANG_ENABLE_OBJC_ARC = YES;
				CLANG_ENABLE_OBJC_WEAK = YES;
				CLANG_WARN_BLOCK_CAPTURE_AUTORELEASING = YES;
				CLANG_WARN_BOOL_CONVERSION = YES;
				CLANG_WARN_COMMA = YES;
				CLANG_WARN_CONSTANT_CONVERSION = YES;
				CLANG_WARN_DEPRECATED_OBJC_IMPLEMENTATIONS = YES;
				CLANG_WARN_DIRECT_OBJC_ISA_USAGE = YES_ERROR;
				CLANG_WARN_DOCUMENTATION_COMMENTS = YES;
				CLANG_WARN_EMPTY_BODY = YES;
				CLANG_WARN_ENUM_CONVERSION = YES;
				CLANG_WARN_INFINITE_RECURSION = YES;
				CLANG_WARN_INT_CONVERSION = YES;
				CLANG_WARN_NON_LITERAL_NULL_CONVERSION = YES;
				CLANG_WARN_OBJC_IMPLICIT_RETAIN_SELF = YES;
				CLANG_WARN_OBJC_LITERAL_CONVERSION = YES;
				CLANG_WARN_OBJC_ROOT_CLASS = YES_ERROR;
				CLANG_WARN_QUOTED_INCLUDE_IN_FRAMEWORK_HEADER = YES;
				CLANG_WARN_RANGE_LOOP_ANALYSIS = YES;
				CLANG_WARN_STRICT_PROTOTYPES = YES;
				CLANG_WARN_SUSPICIOUS_MOVE = YES;
				CLANG_WARN_UNGUARDED_AVAILABILITY = YES_AGGRESSIVE;
				CLANG_WARN_UNREACHABLE_CODE = YES;
				CLANG_WARN__DUPLICATE_METHOD_MATCH = YES;
				COPY_PHASE_STRIP = NO;
				DEBUG_INFORMATION_FORMAT = "dwarf-with-dsym";
				ENABLE_NS_ASSERTIONS = NO;
				ENABLE_STRICT_OBJC_MSGSEND = YES;
				GCC_C_LANGUAGE_STANDARD = gnu11;
				GCC_NO_COMMON_BLOCKS = YES;
				GCC_WARN_64_TO_32_BIT_CONVERSION = YES;
				GCC_WARN_ABOUT_RETURN_TYPE = YES_ERROR;
				GCC_WARN_UNDECLARED_SELECTOR = YES;
				GCC_WARN_UNINITIALIZED_AUTOS = YES_AGGRESSIVE;
				GCC_WARN_UNUSED_FUNCTION = YES;
				GCC_WARN_UNUSED_VARIABLE = YES;
				IPHONEOS_DEPLOYMENT_TARGET = 16.0;
				MTL_ENABLE_DEBUG_INFO = NO;
				MTL_FAST_MATH = YES;
				SDKROOT = iphoneos;
				SWIFT_COMPILATION_MODE = wholemodule;
				SWIFT_OPTIMIZATION_LEVEL = "-O";
				VALIDATE_PRODUCT = YES;
			};
			name = Release;
		};
		B859EC3A2A728839001E68B9 /* Debug */ = {
			isa = XCBuildConfiguration;
			buildSettings = {
				ASSETCATALOG_COMPILER_APPICON_NAME = AppIcon;
				ASSETCATALOG_COMPILER_GLOBAL_ACCENT_COLOR_NAME = AccentColor;
				CODE_SIGN_STYLE = Automatic;
				CURRENT_PROJECT_VERSION = 1;
				DEVELOPMENT_ASSET_PATHS = "\"GreenSound/Preview Content\"";
				DEVELOPMENT_TEAM = 82Q43H4UQQ;
				ENABLE_PREVIEWS = YES;
				GENERATE_INFOPLIST_FILE = YES;
				INFOPLIST_FILE = GreenSound/Info.plist;
				INFOPLIST_KEY_NSCameraUsageDescription = "This sample uses the camera to capture images of breakfast items for object recognition.";
				INFOPLIST_KEY_UIApplicationSceneManifest_Generation = YES;
				INFOPLIST_KEY_UIApplicationSupportsIndirectInputEvents = YES;
				INFOPLIST_KEY_UILaunchStoryboardName = "Launch Screen.storyboard";
				INFOPLIST_KEY_UIRequiredDeviceCapabilities = armv7;
				INFOPLIST_KEY_UISupportedInterfaceOrientations_iPad = "UIInterfaceOrientationPortrait UIInterfaceOrientationPortraitUpsideDown UIInterfaceOrientationLandscapeLeft UIInterfaceOrientationLandscapeRight";
				INFOPLIST_KEY_UISupportedInterfaceOrientations_iPhone = "UIInterfaceOrientationPortrait UIInterfaceOrientationLandscapeLeft UIInterfaceOrientationLandscapeRight";
				IPHONEOS_DEPLOYMENT_TARGET = 16.2;
				LD_RUNPATH_SEARCH_PATHS = (
					"$(inherited)",
					"@executable_path/Frameworks",
				);
				MARKETING_VERSION = 1.0;
				PRODUCT_BUNDLE_IDENTIFIER = com.monthly.GreenSound;
				PRODUCT_NAME = "$(TARGET_NAME)";
				SWIFT_EMIT_LOC_STRINGS = YES;
				SWIFT_VERSION = 5.0;
				TARGETED_DEVICE_FAMILY = "1,2";
			};
			name = Debug;
		};
		B859EC3B2A728839001E68B9 /* Release */ = {
			isa = XCBuildConfiguration;
			buildSettings = {
				ASSETCATALOG_COMPILER_APPICON_NAME = AppIcon;
				ASSETCATALOG_COMPILER_GLOBAL_ACCENT_COLOR_NAME = AccentColor;
				CODE_SIGN_STYLE = Automatic;
				CURRENT_PROJECT_VERSION = 1;
				DEVELOPMENT_ASSET_PATHS = "\"GreenSound/Preview Content\"";
				DEVELOPMENT_TEAM = 82Q43H4UQQ;
				ENABLE_PREVIEWS = YES;
				GENERATE_INFOPLIST_FILE = YES;
				INFOPLIST_FILE = GreenSound/Info.plist;
				INFOPLIST_KEY_NSCameraUsageDescription = "This sample uses the camera to capture images of breakfast items for object recognition.";
				INFOPLIST_KEY_UIApplicationSceneManifest_Generation = YES;
				INFOPLIST_KEY_UIApplicationSupportsIndirectInputEvents = YES;
				INFOPLIST_KEY_UILaunchStoryboardName = "Launch Screen.storyboard";
				INFOPLIST_KEY_UIRequiredDeviceCapabilities = armv7;
				INFOPLIST_KEY_UISupportedInterfaceOrientations_iPad = "UIInterfaceOrientationPortrait UIInterfaceOrientationPortraitUpsideDown UIInterfaceOrientationLandscapeLeft UIInterfaceOrientationLandscapeRight";
				INFOPLIST_KEY_UISupportedInterfaceOrientations_iPhone = "UIInterfaceOrientationPortrait UIInterfaceOrientationLandscapeLeft UIInterfaceOrientationLandscapeRight";
				IPHONEOS_DEPLOYMENT_TARGET = 16.2;
				LD_RUNPATH_SEARCH_PATHS = (
					"$(inherited)",
					"@executable_path/Frameworks",
				);
				MARKETING_VERSION = 1.0;
				PRODUCT_BUNDLE_IDENTIFIER = com.monthly.GreenSound;
				PRODUCT_NAME = "$(TARGET_NAME)";
				SWIFT_EMIT_LOC_STRINGS = YES;
				SWIFT_VERSION = 5.0;
				TARGETED_DEVICE_FAMILY = "1,2";
			};
			name = Release;
		};
/* End XCBuildConfiguration section */

/* Begin XCConfigurationList section */
		B859EC262A728837001E68B9 /* Build configuration list for PBXProject "GreenSound" */ = {
			isa = XCConfigurationList;
			buildConfigurations = (
				B859EC372A728839001E68B9 /* Debug */,
				B859EC382A728839001E68B9 /* Release */,
			);
			defaultConfigurationIsVisible = 0;
			defaultConfigurationName = Release;
		};
		B859EC392A728839001E68B9 /* Build configuration list for PBXNativeTarget "GreenSound" */ = {
			isa = XCConfigurationList;
			buildConfigurations = (
				B859EC3A2A728839001E68B9 /* Debug */,
				B859EC3B2A728839001E68B9 /* Release */,
			);
			defaultConfigurationIsVisible = 0;
			defaultConfigurationName = Release;
		};
/* End XCConfigurationList section */

/* Begin XCRemoteSwiftPackageReference section */
		B8DA6AAE2A796A450015B0E3 /* XCRemoteSwiftPackageReference "lottie-ios" */ = {
			isa = XCRemoteSwiftPackageReference;
			repositoryURL = "https://github.com/airbnb/lottie-ios";
			requirement = {
				kind = upToNextMajorVersion;
				minimumVersion = 4.0.0;
			};
		};
/* End XCRemoteSwiftPackageReference section */

/* Begin XCSwiftPackageProductDependency section */
		B8DA6AAF2A796A450015B0E3 /* Lottie */ = {
			isa = XCSwiftPackageProductDependency;
			package = B8DA6AAE2A796A450015B0E3 /* XCRemoteSwiftPackageReference "lottie-ios" */;
			productName = Lottie;
		};
/* End XCSwiftPackageProductDependency section */
	};
	rootObject = B859EC232A728837001E68B9 /* Project object */;
}
